// !$*UTF8*$!
{
	archiveVersion = 1;
	classes = {
	};
	objectVersion = 46;
	objects = {

/* Begin PBXBuildFile section */
		3FE1AA541C45EDB300604EB4 /* FLPopoverPresentationController.m in Sources */ = {isa = PBXBuildFile; fileRef = 3FE1AA531C45EDB300604EB4 /* FLPopoverPresentationController.m */; settings = {ASSET_TAGS = (); }; };
		3FFFC1E01C44964F009E5F65 /* main.m in Sources */ = {isa = PBXBuildFile; fileRef = 3FFFC1DF1C44964F009E5F65 /* main.m */; };
		3FFFC1E31C44964F009E5F65 /* AppDelegate.m in Sources */ = {isa = PBXBuildFile; fileRef = 3FFFC1E21C44964F009E5F65 /* AppDelegate.m */; };
		3FFFC1E61C44964F009E5F65 /* ViewController.m in Sources */ = {isa = PBXBuildFile; fileRef = 3FFFC1E51C44964F009E5F65 /* ViewController.m */; };
		3FFFC1EB1C44964F009E5F65 /* Assets.xcassets in Resources */ = {isa = PBXBuildFile; fileRef = 3FFFC1EA1C44964F009E5F65 /* Assets.xcassets */; };
		3FFFC1F71C44970F009E5F65 /* FLBezierCurveView.m in Sources */ = {isa = PBXBuildFile; fileRef = 3FFFC1F61C44970F009E5F65 /* FLBezierCurveView.m */; settings = {ASSET_TAGS = (); }; };
		3FFFC1FA1C44D235009E5F65 /* FLAddProductController.m in Sources */ = {isa = PBXBuildFile; fileRef = 3FFFC1F91C44D235009E5F65 /* FLAddProductController.m */; settings = {ASSET_TAGS = (); }; };
/* End PBXBuildFile section */

/* Begin PBXFileReference section */
		3FE1AA521C45EDB300604EB4 /* FLPopoverPresentationController.h */ = {isa = PBXFileReference; fileEncoding = 4; lastKnownFileType = sourcecode.c.h; path = FLPopoverPresentationController.h; sourceTree = "<group>"; };
		3FE1AA531C45EDB300604EB4 /* FLPopoverPresentationController.m */ = {isa = PBXFileReference; fileEncoding = 4; lastKnownFileType = sourcecode.c.objc; path = FLPopoverPresentationController.m; sourceTree = "<group>"; };
		3FFFC1DB1C44964F009E5F65 /* bezierCurveDemo.app */ = {isa = PBXFileReference; explicitFileType = wrapper.application; includeInIndex = 0; path = bezierCurveDemo.app; sourceTree = BUILT_PRODUCTS_DIR; };
		3FFFC1DF1C44964F009E5F65 /* main.m */ = {isa = PBXFileReference; lastKnownFileType = sourcecode.c.objc; path = main.m; sourceTree = "<group>"; };
		3FFFC1E11C44964F009E5F65 /* AppDelegate.h */ = {isa = PBXFileReference; lastKnownFileType = sourcecode.c.h; path = AppDelegate.h; sourceTree = "<group>"; };
		3FFFC1E21C44964F009E5F65 /* AppDelegate.m */ = {isa = PBXFileReference; lastKnownFileType = sourcecode.c.objc; path = AppDelegate.m; sourceTree = "<group>"; };
		3FFFC1E41C44964F009E5F65 /* ViewController.h */ = {isa = PBXFileReference; lastKnownFileType = sourcecode.c.h; path = ViewController.h; sourceTree = "<group>"; };
		3FFFC1E51C44964F009E5F65 /* ViewController.m */ = {isa = PBXFileReference; lastKnownFileType = sourcecode.c.objc; path = ViewController.m; sourceTree = "<group>"; };
		3FFFC1EA1C44964F009E5F65 /* Assets.xcassets */ = {isa = PBXFileReference; lastKnownFileType = folder.assetcatalog; path = Assets.xcassets; sourceTree = "<group>"; };
		3FFFC1EF1C44964F009E5F65 /* Info.plist */ = {isa = PBXFileReference; lastKnownFileType = text.plist.xml; path = Info.plist; sourceTree = "<group>"; };
		3FFFC1F51C44970F009E5F65 /* FLBezierCurveView.h */ = {isa = PBXFileReference; fileEncoding = 4; lastKnownFileType = sourcecode.c.h; path = FLBezierCurveView.h; sourceTree = "<group>"; };
		3FFFC1F61C44970F009E5F65 /* FLBezierCurveView.m */ = {isa = PBXFileReference; fileEncoding = 4; lastKnownFileType = sourcecode.c.objc; path = FLBezierCurveView.m; sourceTree = "<group>"; };
		3FFFC1F81C44D235009E5F65 /* FLAddProductController.h */ = {isa = PBXFileReference; fileEncoding = 4; lastKnownFileType = sourcecode.c.h; path = FLAddProductController.h; sourceTree = "<group>"; };
		3FFFC1F91C44D235009E5F65 /* FLAddProductController.m */ = {isa = PBXFileReference; fileEncoding = 4; lastKnownFileType = sourcecode.c.objc; path = FLAddProductController.m; sourceTree = "<group>"; };
/* End PBXFileReference section */

/* Begin PBXFrameworksBuildPhase section */
		3FFFC1D81C44964F009E5F65 /* Frameworks */ = {
			isa = PBXFrameworksBuildPhase;
			buildActionMask = 2147483647;
			files = (
			);
			runOnlyForDeploymentPostprocessing = 0;
		};
/* End PBXFrameworksBuildPhase section */

/* Begin PBXGroup section */
		3FFFC1D21C44964F009E5F65 = {
			isa = PBXGroup;
			children = (
				3FFFC1DD1C44964F009E5F65 /* bezierCurveDemo */,
				3FFFC1DC1C44964F009E5F65 /* Products */,
			);
			sourceTree = "<group>";
		};
		3FFFC1DC1C44964F009E5F65 /* Products */ = {
			isa = PBXGroup;
			children = (
				3FFFC1DB1C44964F009E5F65 /* bezierCurveDemo.app */,
			);
			name = Products;
			sourceTree = "<group>";
		};
		3FFFC1DD1C44964F009E5F65 /* bezierCurveDemo */ = {
			isa = PBXGroup;
			children = (
				3FFFC1E11C44964F009E5F65 /* AppDelegate.h */,
				3FFFC1E21C44964F009E5F65 /* AppDelegate.m */,
				3FFFC1E41C44964F009E5F65 /* ViewController.h */,
				3FFFC1E51C44964F009E5F65 /* ViewController.m */,
				3FFFC1F51C44970F009E5F65 /* FLBezierCurveView.h */,
				3FFFC1F61C44970F009E5F65 /* FLBezierCurveView.m */,
				3FE1AA521C45EDB300604EB4 /* FLPopoverPresentationController.h */,
				3FE1AA531C45EDB300604EB4 /* FLPopoverPresentationController.m */,
				3FFFC1F81C44D235009E5F65 /* FLAddProductController.h */,
				3FFFC1F91C44D235009E5F65 /* FLAddProductController.m */,
				3FFFC1EA1C44964F009E5F65 /* Assets.xcassets */,
				3FFFC1EF1C44964F009E5F65 /* Info.plist */,
				3FFFC1DE1C44964F009E5F65 /* Supporting Files */,
			);
			path = bezierCurveDemo;
			sourceTree = "<group>";
		};
		3FFFC1DE1C44964F009E5F65 /* Supporting Files */ = {
			isa = PBXGroup;
			children = (
				3FFFC1DF1C44964F009E5F65 /* main.m */,
			);
			name = "Supporting Files";
			sourceTree = "<group>";
		};
/* End PBXGroup section */

/* Begin PBXNativeTarget section */
		3FFFC1DA1C44964F009E5F65 /* bezierCurveDemo */ = {
			isa = PBXNativeTarget;
			buildConfigurationList = 3FFFC1F21C44964F009E5F65 /* Build configuration list for PBXNativeTarget "bezierCurveDemo" */;
			buildPhases = (
				3FFFC1D71C44964F009E5F65 /* Sources */,
				3FFFC1D81C44964F009E5F65 /* Frameworks */,
				3FFFC1D91C44964F009E5F65 /* Resources */,
			);
			buildRules = (
			);
			dependencies = (
			);
			name = bezierCurveDemo;
			productName = bezierCurveDemo;
			productReference = 3FFFC1DB1C44964F009E5F65 /* bezierCurveDemo.app */;
			productType = "com.apple.product-type.application";
		};
/* End PBXNativeTarget section */

/* Begin PBXProject section */
		3FFFC1D31C44964F009E5F65 /* Project object */ = {
			isa = PBXProject;
			attributes = {
				LastUpgradeCheck = 0700;
				ORGANIZATIONNAME = czebd;
				TargetAttributes = {
					3FFFC1DA1C44964F009E5F65 = {
						CreatedOnToolsVersion = 7.0;
					};
				};
			};
			buildConfigurationList = 3FFFC1D61C44964F009E5F65 /* Build configuration list for PBXProject "bezierCurveDemo" */;
			compatibilityVersion = "Xcode 3.2";
			developmentRegion = English;
			hasScannedForEncodings = 0;
			knownRegions = (
				en,
				Base,
			);
			mainGroup = 3FFFC1D21C44964F009E5F65;
			productRefGroup = 3FFFC1DC1C44964F009E5F65 /* Products */;
			projectDirPath = "";
			projectRoot = "";
			targets = (
				3FFFC1DA1C44964F009E5F65 /* bezierCurveDemo */,
			);
		};
/* End PBXProject section */

/* Begin PBXResourcesBuildPhase section */
		3FFFC1D91C44964F009E5F65 /* Resources */ = {
			isa = PBXResourcesBuildPhase;
			buildActionMask = 2147483647;
			files = (
				3FFFC1EB1C44964F009E5F65 /* Assets.xcassets in Resources */,
			);
			runOnlyForDeploymentPostprocessing = 0;
		};
/* End PBXResourcesBuildPhase section */

/* Begin PBXSourcesBuildPhase section */
		3FFFC1D71C44964F009E5F65 /* Sources */ = {
			isa = PBXSourcesBuildPhase;
			buildActionMask = 2147483647;
			files = (
				3FFFC1E61C44964F009E5F65 /* ViewController.m in Sources */,
				3FE1AA541C45EDB300604EB4 /* FLPopoverPresentationController.m in Sources */,
				3FFFC1F71C44970F009E5F65 /* FLBezierCurveView.m in Sources */,
				3FFFC1E31C44964F009E5F65 /* AppDelegate.m in Sources */,
				3FFFC1E01C44964F009E5F65 /* main.m in Sources */,
				3FFFC1FA1C44D235009E5F65 /* FLAddProductController.m in Sources */,
			);
			runOnlyForDeploymentPostprocessing = 0;
		};
/* End PBXSourcesBuildPhase section */

/* Begin XCBuildConfiguration section */
		3FFFC1F01C44964F009E5F65 /* Debug */ = {
			isa = XCBuildConfiguration;
			buildSettings = {
				ALWAYS_SEARCH_USER_PATHS = NO;
				CLANG_CXX_LANGUAGE_STANDARD = "gnu++0x";
				CLANG_CXX_LIBRARY = "libc++";
				CLANG_ENABLE_MODULES = YES;
				CLANG_ENABLE_OBJC_ARC = YES;
				CLANG_WARN_BOOL_CONVERSION = YES;
				CLANG_WARN_CONSTANT_CONVERSION = YES;
				CLANG_WARN_DIRECT_OBJC_ISA_USAGE = YES_ERROR;
				CLANG_WARN_EMPTY_BODY = YES;
				CLANG_WARN_ENUM_CONVERSION = YES;
				CLANG_WARN_INT_CONVERSION = YES;
				CLANG_WARN_OBJC_ROOT_CLASS = YES_ERROR;
				CLANG_WARN_UNREACHABLE_CODE = YES;
				CLANG_WARN__DUPLICATE_METHOD_MATCH = YES;
				"CODE_SIGN_IDENTITY[sdk=iphoneos*]" = "iPhone Developer";
				COPY_PHASE_STRIP = NO;
				DEBUG_INFORMATION_FORMAT = dwarf;
				ENABLE_STRICT_OBJC_MSGSEND = YES;
				ENABLE_TESTABILITY = YES;
				GCC_C_LANGUAGE_STANDARD = gnu99;
				GCC_DYNAMIC_NO_PIC = NO;
				GCC_NO_COMMON_BLOCKS = YES;
				GCC_OPTIMIZATION_LEVEL = 0;
				GCC_PREPROCESSOR_DEFINITIONS = (
					"DEBUG=1",
					"$(inherited)",
				);
				GCC_WARN_64_TO_32_BIT_CONVERSION = YES;
				GCC_WARN_ABOUT_RETURN_TYPE = YES_ERROR;
				GCC_WARN_UNDECLARED_SELECTOR = YES;
				GCC_WARN_UNINITIALIZED_AUTOS = YES_AGGRESSIVE;
				GCC_WARN_UNUSED_FUNCTION = YES;
				GCC_WARN_UNUSED_VARIABLE = YES;
				IPHONEOS_DEPLOYMENT_TARGET = 9.0;
				MTL_ENABLE_DEBUG_INFO = YES;
				ONLY_ACTIVE_ARCH = YES;
				SDKROOT = iphoneos;
			};
			name = Debug;
		};
		3FFFC1F11C44964F009E5F65 /* Release */ = {
			isa = XCBuildConfiguration;
			buildSettings = {
				ALWAYS_SEARCH_USER_PATHS = NO;
				CLANG_CXX_LANGUAGE_STANDARD = "gnu++0x";
				CLANG_CXX_LIBRARY = "libc++";
				CLANG_ENABLE_MODULES = YES;
				CLANG_ENABLE_OBJC_ARC = YES;
				CLANG_WARN_BOOL_CONVERSION = YES;
				CLANG_WARN_CONSTANT_CONVERSION = YES;
				CLANG_WARN_DIRECT_OBJC_ISA_USAGE = YES_ERROR;
				CLANG_WARN_EMPTY_BODY = YES;
				CLANG_WARN_ENUM_CONVERSION = YES;
				CLANG_WARN_INT_CONVERSION = YES;
				CLANG_WARN_OBJC_ROOT_CLASS = YES_ERROR;
				CLANG_WARN_UNREACHABLE_CODE = YES;
				CLANG_WARN__DUPLICATE_METHOD_MATCH = YES;
				"CODE_SIGN_IDENTITY[sdk=iphoneos*]" = "iPhone Developer";
				COPY_PHASE_STRIP = NO;
				DEBUG_INFORMATION_FORMAT = "dwarf-with-dsym";
				ENABLE_NS_ASSERTIONS = NO;
				ENABLE_STRICT_OBJC_MSGSEND = YES;
				GCC_C_LANGUAGE_STANDARD = gnu99;
				GCC_NO_COMMON_BLOCKS = YES;
				GCC_WARN_64_TO_32_BIT_CONVERSION = YES;
				GCC_WARN_ABOUT_RETURN_TYPE = YES_ERROR;
				GCC_WARN_UNDECLARED_SELECTOR = YES;
				GCC_WARN_UNINITIALIZED_AUTOS = YES_AGGRESSIVE;
				GCC_WARN_UNUSED_FUNCTION = YES;
				GCC_WARN_UNUSED_VARIABLE = YES;
				IPHONEOS_DEPLOYMENT_TARGET = 9.0;
				MTL_ENABLE_DEBUG_INFO = NO;
				SDKROOT = iphoneos;
				VALIDATE_PRODUCT = YES;
			};
			name = Release;
		};
		3FFFC1F31C44964F009E5F65 /* Debug */ = {
			isa = XCBuildConfiguration;
			buildSettings = {
				ASSETCATALOG_COMPILER_APPICON_NAME = AppIcon;
				INFOPLIST_FILE = bezierCurveDemo/Info.plist;
				LD_RUNPATH_SEARCH_PATHS = "$(inherited) @executable_path/Frameworks";
				PRODUCT_BUNDLE_IDENTIFIER = com.czebd.bezierCurveDemo;
				PRODUCT_NAME = "$(TARGET_NAME)";
			};
			name = Debug;
		};
		3FFFC1F41C44964F009E5F65 /* Release */ = {
			isa = XCBuildConfiguration;
			buildSettings = {
				ASSETCATALOG_COMPILER_APPICON_NAME = AppIcon;
				INFOPLIST_FILE = bezierCurveDemo/Info.plist;
				LD_RUNPATH_SEARCH_PATHS = "$(inherited) @executable_path/Frameworks";
				PRODUCT_BUNDLE_IDENTIFIER = com.czebd.bezierCurveDemo;
				PRODUCT_NAME = "$(TARGET_NAME)";
			};
			name = Release;
		};
/* End XCBuildConfiguration section */

/* Begin XCConfigurationList section */
		3FFFC1D61C44964F009E5F65 /* Build configuration list for PBXProject "bezierCurveDemo" */ = {
			isa = XCConfigurationList;
			buildConfigurations = (
				3FFFC1F01C44964F009E5F65 /* Debug */,
				3FFFC1F11C44964F009E5F65 /* Release */,
			);
			defaultConfigurationIsVisible = 0;
			defaultConfigurationName = Release;
		};
		3FFFC1F21C44964F009E5F65 /* Build configuration list for PBXNativeTarget "bezierCurveDemo" */ = {
			isa = XCConfigurationList;
			buildConfigurations = (
				3FFFC1F31C44964F009E5F65 /* Debug */,
				3FFFC1F41C44964F009E5F65 /* Release */,
			);
			defaultConfigurationIsVisible = 0;
			defaultConfigurationName = Release;
		};
/* End XCConfigurationList section */
	};
	rootObject = 3FFFC1D31C44964F009E5F65 /* Project object */;
}
